
Microsoft Visual Studio Solution File, Format Version 12.00
# Visual Studio 15
VisualStudioVersion = 15.0.27428.1
MinimumVisualStudioVersion = 10.0.40219.1
Project("{FAE04EC0-301F-11D3-BF4B-00C04F79EFBC}") = "RobotsTxt", "RobotsTxt\RobotsTxt.csproj", "{2CBBFF52-F782-4D49-84C3-59F4E3F7063A}"
EndProject
Project("{FAE04EC0-301F-11D3-BF4B-00C04F79EFBC}") = "UnitTestRobotsTxt", "UnitTestRobotsTxt\UnitTestRobotsTxt.csproj", "{B773FC48-C51B-4436-9D9C-AD08D54BAAC5}"
EndProject
Global
	GlobalSection(SolutionConfigurationPlatforms) = preSolution
		Debug|Any CPU = Debug|Any CPU
		Release|Any CPU = Release|Any CPU
	EndGlobalSection
	GlobalSection(ProjectConfigurationPlatforms) = postSolution
		{2CBBFF52-F782-4D49-84C3-59F4E3F7063A}.Debug|Any CPU.ActiveCfg = Debug|Any CPU
		{2CBBFF52-F782-4D49-84C3-59F4E3F7063A}.Debug|Any CPU.Build.0 = Debug|Any CPU
		{2CBBFF52-F782-4D49-84C3-59F4E3F7063A}.Release|Any CPU.ActiveCfg = Release|Any CPU
		{2CBBFF52-F782-4D49-84C3-59F4E3F7063A}.Release|Any CPU.Build.0 = Release|Any CPU
		{B773FC48-C51B-4436-9D9C-AD08D54BAAC5}.Debug|Any CPU.ActiveCfg = Debug|Any CPU
		{B773FC48-C51B-4436-9D9C-AD08D54BAAC5}.Debug|Any CPU.Build.0 = Debug|Any CPU
		{B773FC48-C51B-4436-9D9C-AD08D54BAAC5}.Release|Any CPU.ActiveCfg = Release|Any CPU
		{B773FC48-C51B-4436-9D9C-AD08D54BAAC5}.Release|Any CPU.Build.0 = Release|Any CPU
	EndGlobalSection
	GlobalSection(SolutionProperties) = preSolution
		HideSolutionNode = FALSE
	EndGlobalSection
	GlobalSection(ExtensibilityGlobals) = postSolution
		SolutionGuid = {D84C05DB-6B69-472B-B896-41FCBFC869D7}
	EndGlobalSection
EndGlobal
